
Microsoft Visual Studio Solution File, Format Version 12.00
# Visual Studio Version 17
VisualStudioVersion = 17.1.32210.238
MinimumVisualStudioVersion = 10.0.40219.1
Project("{FAE04EC0-301F-11D3-BF4B-00C04F79EFBC}") = "laba6_7", "laba6_7\laba6_7.csproj", "{B0F22792-612C-478D-9623-F96AACB77648}"
EndProject
Global
	GlobalSection(SolutionConfigurationPlatforms) = preSolution
		Debug|Any CPU = Debug|Any CPU
		Release|Any CPU = Release|Any CPU
	EndGlobalSection
	GlobalSection(ProjectConfigurationPlatforms) = postSolution
		{B0F22792-612C-478D-9623-F96AACB77648}.Debug|Any CPU.ActiveCfg = Debug|Any CPU
		{B0F22792-612C-478D-9623-F96AACB77648}.Debug|Any CPU.Build.0 = Debug|Any CPU
		{B0F22792-612C-478D-9623-F96AACB77648}.Release|Any CPU.ActiveCfg = Release|Any CPU
		{B0F22792-612C-478D-9623-F96AACB77648}.Release|Any CPU.Build.0 = Release|Any CPU
	EndGlobalSection
	GlobalSection(SolutionProperties) = preSolution
		HideSolutionNode = FALSE
	EndGlobalSection
	GlobalSection(ExtensibilityGlobals) = postSolution
		SolutionGuid = {04FFA7FD-2C78-4A3E-91DE-D42FC87B1B79}
	EndGlobalSection
EndGlobal
